
Microsoft Visual Studio Solution File, Format Version 12.00
# Visual Studio Version 17
VisualStudioVersion = 17.14.36408.4 d17.14
MinimumVisualStudioVersion = 10.0.40219.1
Project("{2150E333-8FDC-42A3-9474-1A3956D46DE8}") = "src", "src", "{02EA681E-C7D8-13C7-8484-4AC65E1B71E8}"
EndProject
Project("{2150E333-8FDC-42A3-9474-1A3956D46DE8}") = "Building Blocks", "Building Blocks", "{EC841B6A-A36E-4012-B76A-D9B99C5D0BA6}"
EndProject
Project("{2150E333-8FDC-42A3-9474-1A3956D46DE8}") = "Services", "Services", "{6F7EDB02-8591-4017-B108-19E04B5974F6}"
EndProject
Project("{2150E333-8FDC-42A3-9474-1A3956D46DE8}") = "Web", "Web", "{3FA77942-E87B-459D-9A5B-325ABA8874E8}"
EndProject
Project("{2150E333-8FDC-42A3-9474-1A3956D46DE8}") = "Identidade", "Identidade", "{9005E373-D3EE-4FF8-AEE5-5DF1F42FF18E}"
EndProject
Project("{FAE04EC0-301F-11D3-BF4B-00C04F79EFBC}") = "NSE.Identidade.API", "src\services\NSE.Identidade.API\NSE.Identidade.API.csproj", "{ED285222-46B7-4F45-92EE-BB7F20CF9CE7}"
EndProject
Project("{2150E333-8FDC-42A3-9474-1A3956D46DE8}") = "MVC", "MVC", "{A56BD3AE-2DA3-482D-A5FC-CBE87A96286E}"
EndProject
Project("{FAE04EC0-301F-11D3-BF4B-00C04F79EFBC}") = "NSE.WebApp.MVC", "src\web\NSE.WebApp.MVC\NSE.WebApp.MVC.csproj", "{94DAB7DC-826F-4B15-8395-52E85BA478D4}"
EndProject
Project("{2150E333-8FDC-42A3-9474-1A3956D46DE8}") = "Core", "Core", "{85DF3A83-09E7-4A78-A17A-1B4CBD724656}"
EndProject
Project("{FAE04EC0-301F-11D3-BF4B-00C04F79EFBC}") = "NSE.Core", "src\building blocks\NSE.Core\NSE.Core.csproj", "{D1AEFB18-C05D-43A5-A45F-191E6C5CD3BF}"
EndProject
Project("{2150E333-8FDC-42A3-9474-1A3956D46DE8}") = "Carrinho", "Carrinho", "{86D96919-DDB6-4195-BCF4-C28FBB27CF33}"
EndProject
Project("{FAE04EC0-301F-11D3-BF4B-00C04F79EFBC}") = "NSE.Carrinho.API", "src\services\NSE.Carrinho.API\NSE.Carrinho.API.csproj", "{36255C78-4130-46EE-9F4C-9F03D9E6A837}"
EndProject
Project("{2150E333-8FDC-42A3-9474-1A3956D46DE8}") = "Catalogo", "Catalogo", "{527A0404-D2E7-44B4-A2C2-C9E11FC344CB}"
EndProject
Project("{FAE04EC0-301F-11D3-BF4B-00C04F79EFBC}") = "NSE.Catalogo.API", "src\services\NSE.Catalogo.API\NSE.Catalogo.API.csproj", "{6C7EE632-770A-44F1-BE6E-A21D15927E56}"
EndProject
Project("{2150E333-8FDC-42A3-9474-1A3956D46DE8}") = "Cliente", "Cliente", "{52F3A851-A20A-448B-88EB-E5FF5CD7998B}"
EndProject
Project("{FAE04EC0-301F-11D3-BF4B-00C04F79EFBC}") = "NSE.Cliente.API", "src\services\NSE.Cliente.API\NSE.Cliente.API.csproj", "{B3204F40-DEEB-4876-AF98-C8DFAE8BDAC7}"
EndProject
Project("{2150E333-8FDC-42A3-9474-1A3956D46DE8}") = "Pagamento", "Pagamento", "{CA2C3AC4-31CA-4CD1-A100-865055F311DE}"
EndProject
Project("{FAE04EC0-301F-11D3-BF4B-00C04F79EFBC}") = "NSE.Pagamento.API", "src\services\NSE.Pagamento.API\NSE.Pagamento.API.csproj", "{BAD03C35-F798-4412-8E85-42B1551662D1}"
EndProject
Project("{2150E333-8FDC-42A3-9474-1A3956D46DE8}") = "Pedido", "Pedido", "{CD395EF1-6F24-48DD-A098-F980BE3BE7E2}"
EndProject
Project("{FAE04EC0-301F-11D3-BF4B-00C04F79EFBC}") = "NSE.Pedido.API", "src\services\NSE.Pedido.API\NSE.Pedido.API.csproj", "{E115B617-4DAC-442A-83C5-0CE0E8AD9ABC}"
EndProject
Global
	GlobalSection(SolutionConfigurationPlatforms) = preSolution
		Debug|Any CPU = Debug|Any CPU
		Release|Any CPU = Release|Any CPU
	EndGlobalSection
	GlobalSection(ProjectConfigurationPlatforms) = postSolution
		{ED285222-46B7-4F45-92EE-BB7F20CF9CE7}.Debug|Any CPU.ActiveCfg = Debug|Any CPU
		{ED285222-46B7-4F45-92EE-BB7F20CF9CE7}.Debug|Any CPU.Build.0 = Debug|Any CPU
		{ED285222-46B7-4F45-92EE-BB7F20CF9CE7}.Release|Any CPU.ActiveCfg = Release|Any CPU
		{ED285222-46B7-4F45-92EE-BB7F20CF9CE7}.Release|Any CPU.Build.0 = Release|Any CPU
		{94DAB7DC-826F-4B15-8395-52E85BA478D4}.Debug|Any CPU.ActiveCfg = Debug|Any CPU
		{94DAB7DC-826F-4B15-8395-52E85BA478D4}.Debug|Any CPU.Build.0 = Debug|Any CPU
		{94DAB7DC-826F-4B15-8395-52E85BA478D4}.Release|Any CPU.ActiveCfg = Release|Any CPU
		{94DAB7DC-826F-4B15-8395-52E85BA478D4}.Release|Any CPU.Build.0 = Release|Any CPU
		{D1AEFB18-C05D-43A5-A45F-191E6C5CD3BF}.Debug|Any CPU.ActiveCfg = Debug|Any CPU
		{D1AEFB18-C05D-43A5-A45F-191E6C5CD3BF}.Debug|Any CPU.Build.0 = Debug|Any CPU
		{D1AEFB18-C05D-43A5-A45F-191E6C5CD3BF}.Release|Any CPU.ActiveCfg = Release|Any CPU
		{D1AEFB18-C05D-43A5-A45F-191E6C5CD3BF}.Release|Any CPU.Build.0 = Release|Any CPU
		{36255C78-4130-46EE-9F4C-9F03D9E6A837}.Debug|Any CPU.ActiveCfg = Debug|Any CPU
		{36255C78-4130-46EE-9F4C-9F03D9E6A837}.Debug|Any CPU.Build.0 = Debug|Any CPU
		{36255C78-4130-46EE-9F4C-9F03D9E6A837}.Release|Any CPU.ActiveCfg = Release|Any CPU
		{36255C78-4130-46EE-9F4C-9F03D9E6A837}.Release|Any CPU.Build.0 = Release|Any CPU
		{6C7EE632-770A-44F1-BE6E-A21D15927E56}.Debug|Any CPU.ActiveCfg = Debug|Any CPU
		{6C7EE632-770A-44F1-BE6E-A21D15927E56}.Debug|Any CPU.Build.0 = Debug|Any CPU
		{6C7EE632-770A-44F1-BE6E-A21D15927E56}.Release|Any CPU.ActiveCfg = Release|Any CPU
		{6C7EE632-770A-44F1-BE6E-A21D15927E56}.Release|Any CPU.Build.0 = Release|Any CPU
		{B3204F40-DEEB-4876-AF98-C8DFAE8BDAC7}.Debug|Any CPU.ActiveCfg = Debug|Any CPU
		{B3204F40-DEEB-4876-AF98-C8DFAE8BDAC7}.Debug|Any CPU.Build.0 = Debug|Any CPU
		{B3204F40-DEEB-4876-AF98-C8DFAE8BDAC7}.Release|Any CPU.ActiveCfg = Release|Any CPU
		{B3204F40-DEEB-4876-AF98-C8DFAE8BDAC7}.Release|Any CPU.Build.0 = Release|Any CPU
		{BAD03C35-F798-4412-8E85-42B1551662D1}.Debug|Any CPU.ActiveCfg = Debug|Any CPU
		{BAD03C35-F798-4412-8E85-42B1551662D1}.Debug|Any CPU.Build.0 = Debug|Any CPU
		{BAD03C35-F798-4412-8E85-42B1551662D1}.Release|Any CPU.ActiveCfg = Release|Any CPU
		{BAD03C35-F798-4412-8E85-42B1551662D1}.Release|Any CPU.Build.0 = Release|Any CPU
		{E115B617-4DAC-442A-83C5-0CE0E8AD9ABC}.Debug|Any CPU.ActiveCfg = Debug|Any CPU
		{E115B617-4DAC-442A-83C5-0CE0E8AD9ABC}.Debug|Any CPU.Build.0 = Debug|Any CPU
		{E115B617-4DAC-442A-83C5-0CE0E8AD9ABC}.Release|Any CPU.ActiveCfg = Release|Any CPU
		{E115B617-4DAC-442A-83C5-0CE0E8AD9ABC}.Release|Any CPU.Build.0 = Release|Any CPU
	EndGlobalSection
	GlobalSection(SolutionProperties) = preSolution
		HideSolutionNode = FALSE
	EndGlobalSection
	GlobalSection(NestedProjects) = preSolution
		{EC841B6A-A36E-4012-B76A-D9B99C5D0BA6} = {02EA681E-C7D8-13C7-8484-4AC65E1B71E8}
		{6F7EDB02-8591-4017-B108-19E04B5974F6} = {02EA681E-C7D8-13C7-8484-4AC65E1B71E8}
		{3FA77942-E87B-459D-9A5B-325ABA8874E8} = {02EA681E-C7D8-13C7-8484-4AC65E1B71E8}
		{9005E373-D3EE-4FF8-AEE5-5DF1F42FF18E} = {6F7EDB02-8591-4017-B108-19E04B5974F6}
		{ED285222-46B7-4F45-92EE-BB7F20CF9CE7} = {9005E373-D3EE-4FF8-AEE5-5DF1F42FF18E}
		{A56BD3AE-2DA3-482D-A5FC-CBE87A96286E} = {3FA77942-E87B-459D-9A5B-325ABA8874E8}
		{94DAB7DC-826F-4B15-8395-52E85BA478D4} = {A56BD3AE-2DA3-482D-A5FC-CBE87A96286E}
		{85DF3A83-09E7-4A78-A17A-1B4CBD724656} = {EC841B6A-A36E-4012-B76A-D9B99C5D0BA6}
		{D1AEFB18-C05D-43A5-A45F-191E6C5CD3BF} = {85DF3A83-09E7-4A78-A17A-1B4CBD724656}
		{86D96919-DDB6-4195-BCF4-C28FBB27CF33} = {6F7EDB02-8591-4017-B108-19E04B5974F6}
		{36255C78-4130-46EE-9F4C-9F03D9E6A837} = {86D96919-DDB6-4195-BCF4-C28FBB27CF33}
		{527A0404-D2E7-44B4-A2C2-C9E11FC344CB} = {6F7EDB02-8591-4017-B108-19E04B5974F6}
		{6C7EE632-770A-44F1-BE6E-A21D15927E56} = {527A0404-D2E7-44B4-A2C2-C9E11FC344CB}
		{52F3A851-A20A-448B-88EB-E5FF5CD7998B} = {6F7EDB02-8591-4017-B108-19E04B5974F6}
		{B3204F40-DEEB-4876-AF98-C8DFAE8BDAC7} = {52F3A851-A20A-448B-88EB-E5FF5CD7998B}
		{CA2C3AC4-31CA-4CD1-A100-865055F311DE} = {6F7EDB02-8591-4017-B108-19E04B5974F6}
		{BAD03C35-F798-4412-8E85-42B1551662D1} = {CA2C3AC4-31CA-4CD1-A100-865055F311DE}
		{CD395EF1-6F24-48DD-A098-F980BE3BE7E2} = {6F7EDB02-8591-4017-B108-19E04B5974F6}
		{E115B617-4DAC-442A-83C5-0CE0E8AD9ABC} = {CD395EF1-6F24-48DD-A098-F980BE3BE7E2}
	EndGlobalSection
	GlobalSection(ExtensibilityGlobals) = postSolution
		SolutionGuid = {8B73F6F4-B48C-4FD9-9926-DCBB980497F8}
	EndGlobalSection
EndGlobal
